// !$*UTF8*$!
{
	archiveVersion = 1;
	classes = {
	};
	objectVersion = 46;
	objects = {

/* Begin PBXBuildFile section */
		593C83781DA34198009B5F04 /* main.swift in Sources */ = {isa = PBXBuildFile; fileRef = 593C83771DA34198009B5F04 /* main.swift */; };
		593C837F1DA341D1009B5F04 /* ConverterType.swift in Sources */ = {isa = PBXBuildFile; fileRef = 593C837E1DA341D1009B5F04 /* ConverterType.swift */; };
		593C83811DA34225009B5F04 /* Converter.swift in Sources */ = {isa = PBXBuildFile; fileRef = 593C83801DA34225009B5F04 /* Converter.swift */; };
		593C83841DA34250009B5F04 /* FahrenheitToCelsius.swift in Sources */ = {isa = PBXBuildFile; fileRef = 593C83831DA34250009B5F04 /* FahrenheitToCelsius.swift */; };
		593C83861DA34262009B5F04 /* CelsiusToFahrenheit.swift in Sources */ = {isa = PBXBuildFile; fileRef = 593C83851DA34262009B5F04 /* CelsiusToFahrenheit.swift */; };
		593C83881DA34274009B5F04 /* TemperatureConverter.swift in Sources */ = {isa = PBXBuildFile; fileRef = 593C83871DA34274009B5F04 /* TemperatureConverter.swift */; };
/* End PBXBuildFile section */

/* Begin PBXCopyFilesBuildPhase section */
		593C83721DA34198009B5F04 /* CopyFiles */ = {
			isa = PBXCopyFilesBuildPhase;
			buildActionMask = 2147483647;
			dstPath = /usr/share/man/man1/;
			dstSubfolderSpec = 0;
			files = (
			);
			runOnlyForDeploymentPostprocessing = 1;
		};
/* End PBXCopyFilesBuildPhase section */

/* Begin PBXFileReference section */
		593C83741DA34198009B5F04 /* TemperatureConverter */ = {isa = PBXFileReference; explicitFileType = "compiled.mach-o.executable"; includeInIndex = 0; path = TemperatureConverter; sourceTree = BUILT_PRODUCTS_DIR; };
		593C83771DA34198009B5F04 /* main.swift */ = {isa = PBXFileReference; lastKnownFileType = sourcecode.swift; path = main.swift; sourceTree = "<group>"; };
		593C837E1DA341D1009B5F04 /* ConverterType.swift */ = {isa = PBXFileReference; fileEncoding = 4; lastKnownFileType = sourcecode.swift; path = ConverterType.swift; sourceTree = "<group>"; };
		593C83801DA34225009B5F04 /* Converter.swift */ = {isa = PBXFileReference; fileEncoding = 4; lastKnownFileType = sourcecode.swift; path = Converter.swift; sourceTree = "<group>"; };
		593C83831DA34250009B5F04 /* FahrenheitToCelsius.swift */ = {isa = PBXFileReference; fileEncoding = 4; lastKnownFileType = sourcecode.swift; path = FahrenheitToCelsius.swift; sourceTree = "<group>"; };
		593C83851DA34262009B5F04 /* CelsiusToFahrenheit.swift */ = {isa = PBXFileReference; fileEncoding = 4; lastKnownFileType = sourcecode.swift; path = CelsiusToFahrenheit.swift; sourceTree = "<group>"; };
		593C83871DA34274009B5F04 /* TemperatureConverter.swift */ = {isa = PBXFileReference; fileEncoding = 4; lastKnownFileType = sourcecode.swift; path = TemperatureConverter.swift; sourceTree = "<group>"; };
/* End PBXFileReference section */

/* Begin PBXFrameworksBuildPhase section */
		593C83711DA34198009B5F04 /* Frameworks */ = {
			isa = PBXFrameworksBuildPhase;
			buildActionMask = 2147483647;
			files = (
			);
			runOnlyForDeploymentPostprocessing = 0;
		};
/* End PBXFrameworksBuildPhase section */

/* Begin PBXGroup section */
		593C836B1DA34198009B5F04 = {
			isa = PBXGroup;
			children = (
				593C83761DA34198009B5F04 /* TemperatureConverter */,
				593C83751DA34198009B5F04 /* Products */,
			);
			sourceTree = "<group>";
		};
		593C83751DA34198009B5F04 /* Products */ = {
			isa = PBXGroup;
			children = (
				593C83741DA34198009B5F04 /* TemperatureConverter */,
			);
			name = Products;
			sourceTree = "<group>";
		};
		593C83761DA34198009B5F04 /* TemperatureConverter */ = {
			isa = PBXGroup;
			children = (
				593C83771DA34198009B5F04 /* main.swift */,
				593C837E1DA341D1009B5F04 /* ConverterType.swift */,
				593C83801DA34225009B5F04 /* Converter.swift */,
				593C83831DA34250009B5F04 /* FahrenheitToCelsius.swift */,
				593C83851DA34262009B5F04 /* CelsiusToFahrenheit.swift */,
				593C83871DA34274009B5F04 /* TemperatureConverter.swift */,
			);
			path = TemperatureConverter;
			sourceTree = "<group>";
		};
/* End PBXGroup section */

/* Begin PBXNativeTarget section */
		593C83731DA34198009B5F04 /* TemperatureConverter */ = {
			isa = PBXNativeTarget;
			buildConfigurationList = 593C837B1DA34198009B5F04 /* Build configuration list for PBXNativeTarget "TemperatureConverter" */;
			buildPhases = (
				593C83701DA34198009B5F04 /* Sources */,
				593C83711DA34198009B5F04 /* Frameworks */,
				593C83721DA34198009B5F04 /* CopyFiles */,
			);
			buildRules = (
			);
			dependencies = (
			);
			name = TemperatureConverter;
			productName = TemperatureConverter;
			productReference = 593C83741DA34198009B5F04 /* TemperatureConverter */;
			productType = "com.apple.product-type.tool";
		};
/* End PBXNativeTarget section */

/* Begin PBXProject section */
		593C836C1DA34198009B5F04 /* Project object */ = {
			isa = PBXProject;
			attributes = {
				LastSwiftUpdateCheck = 0720;
				LastUpgradeCheck = 0720;
				ORGANIZATIONNAME = DaesubKim;
				TargetAttributes = {
					593C83731DA34198009B5F04 = {
						CreatedOnToolsVersion = 7.2.1;
					};
				};
			};
			buildConfigurationList = 593C836F1DA34198009B5F04 /* Build configuration list for PBXProject "TemperatureConverter" */;
			compatibilityVersion = "Xcode 3.2";
			developmentRegion = English;
			hasScannedForEncodings = 0;
			knownRegions = (
				en,
			);
			mainGroup = 593C836B1DA34198009B5F04;
			productRefGroup = 593C83751DA34198009B5F04 /* Products */;
			projectDirPath = "";
			projectRoot = "";
			targets = (
				593C83731DA34198009B5F04 /* TemperatureConverter */,
			);
		};
/* End PBXProject section */

/* Begin PBXSourcesBuildPhase section */
		593C83701DA34198009B5F04 /* Sources */ = {
			isa = PBXSourcesBuildPhase;
			buildActionMask = 2147483647;
			files = (
				593C837F1DA341D1009B5F04 /* ConverterType.swift in Sources */,
				593C83841DA34250009B5F04 /* FahrenheitToCelsius.swift in Sources */,
				593C83861DA34262009B5F04 /* CelsiusToFahrenheit.swift in Sources */,
				593C83881DA34274009B5F04 /* TemperatureConverter.swift in Sources */,
				593C83811DA34225009B5F04 /* Converter.swift in Sources */,
				593C83781DA34198009B5F04 /* main.swift in Sources */,
			);
			runOnlyForDeploymentPostprocessing = 0;
		};
/* End PBXSourcesBuildPhase section */

/* Begin XCBuildConfiguration section */
		593C83791DA34198009B5F04 /* Debug */ = {
			isa = XCBuildConfiguration;
			buildSettings = {
				ALWAYS_SEARCH_USER_PATHS = NO;
				CLANG_CXX_LANGUAGE_STANDARD = "gnu++0x";
				CLANG_CXX_LIBRARY = "libc++";
				CLANG_ENABLE_MODULES = YES;
				CLANG_ENABLE_OBJC_ARC = YES;
				CLANG_WARN_BOOL_CONVERSION = YES;
				CLANG_WARN_CONSTANT_CONVERSION = YES;
				CLANG_WARN_DIRECT_OBJC_ISA_USAGE = YES_ERROR;
				CLANG_WARN_EMPTY_BODY = YES;
				CLANG_WARN_ENUM_CONVERSION = YES;
				CLANG_WARN_INT_CONVERSION = YES;
				CLANG_WARN_OBJC_ROOT_CLASS = YES_ERROR;
				CLANG_WARN_UNREACHABLE_CODE = YES;
				CLANG_WARN__DUPLICATE_METHOD_MATCH = YES;
				CODE_SIGN_IDENTITY = "-";
				COPY_PHASE_STRIP = NO;
				DEBUG_INFORMATION_FORMAT = dwarf;
				ENABLE_STRICT_OBJC_MSGSEND = YES;
				ENABLE_TESTABILITY = YES;
				GCC_C_LANGUAGE_STANDARD = gnu99;
				GCC_DYNAMIC_NO_PIC = NO;
				GCC_NO_COMMON_BLOCKS = YES;
				GCC_OPTIMIZATION_LEVEL = 0;
				GCC_PREPROCESSOR_DEFINITIONS = (
					"DEBUG=1",
					"$(inherited)",
				);
				GCC_WARN_64_TO_32_BIT_CONVERSION = YES;
				GCC_WARN_ABOUT_RETURN_TYPE = YES_ERROR;
				GCC_WARN_UNDECLARED_SELECTOR = YES;
				GCC_WARN_UNINITIALIZED_AUTOS = YES_AGGRESSIVE;
				GCC_WARN_UNUSED_FUNCTION = YES;
				GCC_WARN_UNUSED_VARIABLE = YES;
				MACOSX_DEPLOYMENT_TARGET = 10.11;
				MTL_ENABLE_DEBUG_INFO = YES;
				ONLY_ACTIVE_ARCH = YES;
				SDKROOT = macosx;
				SWIFT_OPTIMIZATION_LEVEL = "-Onone";
			};
			name = Debug;
		};
		593C837A1DA34198009B5F04 /* Release */ = {
			isa = XCBuildConfiguration;
			buildSettings = {
				ALWAYS_SEARCH_USER_PATHS = NO;
				CLANG_CXX_LANGUAGE_STANDARD = "gnu++0x";
				CLANG_CXX_LIBRARY = "libc++";
				CLANG_ENABLE_MODULES = YES;
				CLANG_ENABLE_OBJC_ARC = YES;
				CLANG_WARN_BOOL_CONVERSION = YES;
				CLANG_WARN_CONSTANT_CONVERSION = YES;
				CLANG_WARN_DIRECT_OBJC_ISA_USAGE = YES_ERROR;
				CLANG_WARN_EMPTY_BODY = YES;
				CLANG_WARN_ENUM_CONVERSION = YES;
				CLANG_WARN_INT_CONVERSION = YES;
				CLANG_WARN_OBJC_ROOT_CLASS = YES_ERROR;
				CLANG_WARN_UNREACHABLE_CODE = YES;
				CLANG_WARN__DUPLICATE_METHOD_MATCH = YES;
				CODE_SIGN_IDENTITY = "-";
				COPY_PHASE_STRIP = NO;
				DEBUG_INFORMATION_FORMAT = "dwarf-with-dsym";
				ENABLE_NS_ASSERTIONS = NO;
				ENABLE_STRICT_OBJC_MSGSEND = YES;
				GCC_C_LANGUAGE_STANDARD = gnu99;
				GCC_NO_COMMON_BLOCKS = YES;
				GCC_WARN_64_TO_32_BIT_CONVERSION = YES;
				GCC_WARN_ABOUT_RETURN_TYPE = YES_ERROR;
				GCC_WARN_UNDECLARED_SELECTOR = YES;
				GCC_WARN_UNINITIALIZED_AUTOS = YES_AGGRESSIVE;
				GCC_WARN_UNUSED_FUNCTION = YES;
				GCC_WARN_UNUSED_VARIABLE = YES;
				MACOSX_DEPLOYMENT_TARGET = 10.11;
				MTL_ENABLE_DEBUG_INFO = NO;
				SDKROOT = macosx;
			};
			name = Release;
		};
		593C837C1DA34198009B5F04 /* Debug */ = {
			isa = XCBuildConfiguration;
			buildSettings = {
				PRODUCT_NAME = "$(TARGET_NAME)";
			};
			name = Debug;
		};
		593C837D1DA34198009B5F04 /* Release */ = {
			isa = XCBuildConfiguration;
			buildSettings = {
				PRODUCT_NAME = "$(TARGET_NAME)";
			};
			name = Release;
		};
/* End XCBuildConfiguration section */

/* Begin XCConfigurationList section */
		593C836F1DA34198009B5F04 /* Build configuration list for PBXProject "TemperatureConverter" */ = {
			isa = XCConfigurationList;
			buildConfigurations = (
				593C83791DA34198009B5F04 /* Debug */,
				593C837A1DA34198009B5F04 /* Release */,
			);
			defaultConfigurationIsVisible = 0;
			defaultConfigurationName = Release;
		};
		593C837B1DA34198009B5F04 /* Build configuration list for PBXNativeTarget "TemperatureConverter" */ = {
			isa = XCConfigurationList;
			buildConfigurations = (
				593C837C1DA34198009B5F04 /* Debug */,
				593C837D1DA34198009B5F04 /* Release */,
			);
			defaultConfigurationIsVisible = 0;
		};
/* End XCConfigurationList section */
	};
	rootObject = 593C836C1DA34198009B5F04 /* Project object */;
}
